// !$*UTF8*$!
{
	archiveVersion = 1;
	classes = {
	};
	objectVersion = 56;
	objects = {

/* Begin PBXBuildFile section */
		D7238E892BADD73E00F02A83 /* TabBar.swift in Sources */ = {isa = PBXBuildFile; fileRef = D7238E882BADD73E00F02A83 /* TabBar.swift */; };
		D7238E8B2BB06F0800F02A83 /* Tab.swift in Sources */ = {isa = PBXBuildFile; fileRef = D7238E8A2BB06F0800F02A83 /* Tab.swift */; };
		D7238E8D2BB1151500F02A83 /* HomeView.swift in Sources */ = {isa = PBXBuildFile; fileRef = D7238E8C2BB1151500F02A83 /* HomeView.swift */; };
		D73A5EE12BB315F50004B073 /* FeaturedItem.swift in Sources */ = {isa = PBXBuildFile; fileRef = D73A5EE02BB315F50004B073 /* FeaturedItem.swift */; };
		D73A5EE32BB323940004B073 /* NavigationBar.swift in Sources */ = {isa = PBXBuildFile; fileRef = D73A5EE22BB323940004B073 /* NavigationBar.swift */; };
		D791DD062BD5795000D35105 /* CourseItem.swift in Sources */ = {isa = PBXBuildFile; fileRef = D791DD052BD5795000D35105 /* CourseItem.swift */; };
		D791DD082BD57CDB00D35105 /* CourseView.swift in Sources */ = {isa = PBXBuildFile; fileRef = D791DD072BD57CDB00D35105 /* CourseView.swift */; };
		D79F6D7F2B9FBB5C0028B1A2 /* DesignCodeProjectApp.swift in Sources */ = {isa = PBXBuildFile; fileRef = D79F6D7E2B9FBB5C0028B1A2 /* DesignCodeProjectApp.swift */; };
		D79F6D812B9FBB5C0028B1A2 /* ContentView.swift in Sources */ = {isa = PBXBuildFile; fileRef = D79F6D802B9FBB5C0028B1A2 /* ContentView.swift */; };
		D79F6D832B9FBB5C0028B1A2 /* Assets.xcassets in Resources */ = {isa = PBXBuildFile; fileRef = D79F6D822B9FBB5C0028B1A2 /* Assets.xcassets */; };
		D79F6D862B9FBB5C0028B1A2 /* Preview Assets.xcassets in Resources */ = {isa = PBXBuildFile; fileRef = D79F6D852B9FBB5C0028B1A2 /* Preview Assets.xcassets */; };
		D7CAE6712BD7F9570066EBAC /* Animation+Extension.swift in Sources */ = {isa = PBXBuildFile; fileRef = D7CAE6702BD7F9570066EBAC /* Animation+Extension.swift */; };
		D7CB30822BB9E99B006274AA /* PreferenceKeys.swift in Sources */ = {isa = PBXBuildFile; fileRef = D7CB30812BB9E99B006274AA /* PreferenceKeys.swift */; };
		D7CB30842BBADF9A006274AA /* AnimatableFontModifier.swift in Sources */ = {isa = PBXBuildFile; fileRef = D7CB30832BBADF9A006274AA /* AnimatableFontModifier.swift */; };
		D7CB30862BBB1464006274AA /* Course.swift in Sources */ = {isa = PBXBuildFile; fileRef = D7CB30852BBB1464006274AA /* Course.swift */; };
		D7CB30882BBCCA7B006274AA /* MatchedView.swift in Sources */ = {isa = PBXBuildFile; fileRef = D7CB30872BBCCA7B006274AA /* MatchedView.swift */; };
		D7CD21DC2BAC8AEA006DE7D7 /* HexagonView.swift in Sources */ = {isa = PBXBuildFile; fileRef = D7CD21DB2BAC8AEA006DE7D7 /* HexagonView.swift */; };
		D7CD21DE2BAC9F4A006DE7D7 /* BlobView.swift in Sources */ = {isa = PBXBuildFile; fileRef = D7CD21DD2BAC9F4A006DE7D7 /* BlobView.swift */; };
		D7D0F09C2BA9AAB60004066A /* AccountView.swift in Sources */ = {isa = PBXBuildFile; fileRef = D7D0F09B2BA9AAB60004066A /* AccountView.swift */; };
		D7F65B042BA1EFEE00504989 /* Styles.swift in Sources */ = {isa = PBXBuildFile; fileRef = D7F65B032BA1EFEE00504989 /* Styles.swift */; };
/* End PBXBuildFile section */

/* Begin PBXFileReference section */
		D7238E882BADD73E00F02A83 /* TabBar.swift */ = {isa = PBXFileReference; lastKnownFileType = sourcecode.swift; path = TabBar.swift; sourceTree = "<group>"; };
		D7238E8A2BB06F0800F02A83 /* Tab.swift */ = {isa = PBXFileReference; lastKnownFileType = sourcecode.swift; path = Tab.swift; sourceTree = "<group>"; };
		D7238E8C2BB1151500F02A83 /* HomeView.swift */ = {isa = PBXFileReference; lastKnownFileType = sourcecode.swift; path = HomeView.swift; sourceTree = "<group>"; };
		D73A5EE02BB315F50004B073 /* FeaturedItem.swift */ = {isa = PBXFileReference; lastKnownFileType = sourcecode.swift; path = FeaturedItem.swift; sourceTree = "<group>"; };
		D73A5EE22BB323940004B073 /* NavigationBar.swift */ = {isa = PBXFileReference; lastKnownFileType = sourcecode.swift; path = NavigationBar.swift; sourceTree = "<group>"; };
		D791DD052BD5795000D35105 /* CourseItem.swift */ = {isa = PBXFileReference; lastKnownFileType = sourcecode.swift; path = CourseItem.swift; sourceTree = "<group>"; };
		D791DD072BD57CDB00D35105 /* CourseView.swift */ = {isa = PBXFileReference; lastKnownFileType = sourcecode.swift; path = CourseView.swift; sourceTree = "<group>"; };
		D79F6D7B2B9FBB5C0028B1A2 /* DesignCodeProject.app */ = {isa = PBXFileReference; explicitFileType = wrapper.application; includeInIndex = 0; path = DesignCodeProject.app; sourceTree = BUILT_PRODUCTS_DIR; };
		D79F6D7E2B9FBB5C0028B1A2 /* DesignCodeProjectApp.swift */ = {isa = PBXFileReference; lastKnownFileType = sourcecode.swift; path = DesignCodeProjectApp.swift; sourceTree = "<group>"; };
		D79F6D802B9FBB5C0028B1A2 /* ContentView.swift */ = {isa = PBXFileReference; lastKnownFileType = sourcecode.swift; path = ContentView.swift; sourceTree = "<group>"; };
		D79F6D822B9FBB5C0028B1A2 /* Assets.xcassets */ = {isa = PBXFileReference; lastKnownFileType = folder.assetcatalog; path = Assets.xcassets; sourceTree = "<group>"; };
		D79F6D852B9FBB5C0028B1A2 /* Preview Assets.xcassets */ = {isa = PBXFileReference; lastKnownFileType = folder.assetcatalog; path = "Preview Assets.xcassets"; sourceTree = "<group>"; };
		D7CAE6702BD7F9570066EBAC /* Animation+Extension.swift */ = {isa = PBXFileReference; lastKnownFileType = sourcecode.swift; path = "Animation+Extension.swift"; sourceTree = "<group>"; };
		D7CB30812BB9E99B006274AA /* PreferenceKeys.swift */ = {isa = PBXFileReference; lastKnownFileType = sourcecode.swift; path = PreferenceKeys.swift; sourceTree = "<group>"; };
		D7CB30832BBADF9A006274AA /* AnimatableFontModifier.swift */ = {isa = PBXFileReference; lastKnownFileType = sourcecode.swift; path = AnimatableFontModifier.swift; sourceTree = "<group>"; };
		D7CB30852BBB1464006274AA /* Course.swift */ = {isa = PBXFileReference; lastKnownFileType = sourcecode.swift; path = Course.swift; sourceTree = "<group>"; };
		D7CB30872BBCCA7B006274AA /* MatchedView.swift */ = {isa = PBXFileReference; lastKnownFileType = sourcecode.swift; path = MatchedView.swift; sourceTree = "<group>"; };
		D7CD21DB2BAC8AEA006DE7D7 /* HexagonView.swift */ = {isa = PBXFileReference; lastKnownFileType = sourcecode.swift; path = HexagonView.swift; sourceTree = "<group>"; };
		D7CD21DD2BAC9F4A006DE7D7 /* BlobView.swift */ = {isa = PBXFileReference; lastKnownFileType = sourcecode.swift; path = BlobView.swift; sourceTree = "<group>"; };
		D7D0F09B2BA9AAB60004066A /* AccountView.swift */ = {isa = PBXFileReference; lastKnownFileType = sourcecode.swift; path = AccountView.swift; sourceTree = "<group>"; };
		D7F65B032BA1EFEE00504989 /* Styles.swift */ = {isa = PBXFileReference; lastKnownFileType = sourcecode.swift; path = Styles.swift; sourceTree = "<group>"; };
/* End PBXFileReference section */

/* Begin PBXFrameworksBuildPhase section */
		D79F6D782B9FBB5C0028B1A2 /* Frameworks */ = {
			isa = PBXFrameworksBuildPhase;
			buildActionMask = 2147483647;
			files = (
			);
			runOnlyForDeploymentPostprocessing = 0;
		};
/* End PBXFrameworksBuildPhase section */

/* Begin PBXGroup section */
		D7238E8E2BB19E2E00F02A83 /* Navigation */ = {
			isa = PBXGroup;
			children = (
				D7238E882BADD73E00F02A83 /* TabBar.swift */,
				D79F6D802B9FBB5C0028B1A2 /* ContentView.swift */,
				D73A5EE22BB323940004B073 /* NavigationBar.swift */,
			);
			path = Navigation;
			sourceTree = "<group>";
		};
		D7238E8F2BB19E5B00F02A83 /* Views */ = {
			isa = PBXGroup;
			children = (
				D7238E8C2BB1151500F02A83 /* HomeView.swift */,
				D7D0F09B2BA9AAB60004066A /* AccountView.swift */,
				D7CB30872BBCCA7B006274AA /* MatchedView.swift */,
				D791DD072BD57CDB00D35105 /* CourseView.swift */,
			);
			path = Views;
			sourceTree = "<group>";
		};
		D7238E902BB1AE0600F02A83 /* Components */ = {
			isa = PBXGroup;
			children = (
				D7CD21DD2BAC9F4A006DE7D7 /* BlobView.swift */,
				D73A5EE02BB315F50004B073 /* FeaturedItem.swift */,
				D7CD21DB2BAC8AEA006DE7D7 /* HexagonView.swift */,
				D791DD052BD5795000D35105 /* CourseItem.swift */,
			);
			path = Components;
			sourceTree = "<group>";
		};
		D7238E912BB1AE3100F02A83 /* Model */ = {
			isa = PBXGroup;
			children = (
				D7238E8A2BB06F0800F02A83 /* Tab.swift */,
				D7CB30812BB9E99B006274AA /* PreferenceKeys.swift */,
				D7CB30852BBB1464006274AA /* Course.swift */,
			);
			path = Model;
			sourceTree = "<group>";
		};
		D7238E922BB1AE8B00F02A83 /* Styles */ = {
			isa = PBXGroup;
			children = (
				D7F65B032BA1EFEE00504989 /* Styles.swift */,
				D7CB30832BBADF9A006274AA /* AnimatableFontModifier.swift */,
				D7CAE6702BD7F9570066EBAC /* Animation+Extension.swift */,
			);
			path = Styles;
			sourceTree = "<group>";
		};
		D79F6D722B9FBB5C0028B1A2 = {
			isa = PBXGroup;
			children = (
				D79F6D7D2B9FBB5C0028B1A2 /* DesignCodeProject */,
				D79F6D7C2B9FBB5C0028B1A2 /* Products */,
			);
			sourceTree = "<group>";
		};
		D79F6D7C2B9FBB5C0028B1A2 /* Products */ = {
			isa = PBXGroup;
			children = (
				D79F6D7B2B9FBB5C0028B1A2 /* DesignCodeProject.app */,
			);
			name = Products;
			sourceTree = "<group>";
		};
		D79F6D7D2B9FBB5C0028B1A2 /* DesignCodeProject */ = {
			isa = PBXGroup;
			children = (
				D79F6D7E2B9FBB5C0028B1A2 /* DesignCodeProjectApp.swift */,
				D7238E912BB1AE3100F02A83 /* Model */,
				D7238E8E2BB19E2E00F02A83 /* Navigation */,
				D7238E8F2BB19E5B00F02A83 /* Views */,
				D7238E902BB1AE0600F02A83 /* Components */,
				D7238E922BB1AE8B00F02A83 /* Styles */,
				D79F6D822B9FBB5C0028B1A2 /* Assets.xcassets */,
				D79F6D842B9FBB5C0028B1A2 /* Preview Content */,
			);
			path = DesignCodeProject;
			sourceTree = "<group>";
		};
		D79F6D842B9FBB5C0028B1A2 /* Preview Content */ = {
			isa = PBXGroup;
			children = (
				D79F6D852B9FBB5C0028B1A2 /* Preview Assets.xcassets */,
			);
			path = "Preview Content";
			sourceTree = "<group>";
		};
/* End PBXGroup section */

/* Begin PBXNativeTarget section */
		D79F6D7A2B9FBB5C0028B1A2 /* DesignCodeProject */ = {
			isa = PBXNativeTarget;
			buildConfigurationList = D79F6D892B9FBB5C0028B1A2 /* Build configuration list for PBXNativeTarget "DesignCodeProject" */;
			buildPhases = (
				D79F6D772B9FBB5C0028B1A2 /* Sources */,
				D79F6D782B9FBB5C0028B1A2 /* Frameworks */,
				D79F6D792B9FBB5C0028B1A2 /* Resources */,
			);
			buildRules = (
			);
			dependencies = (
			);
			name = DesignCodeProject;
			productName = DesignCodeProject;
			productReference = D79F6D7B2B9FBB5C0028B1A2 /* DesignCodeProject.app */;
			productType = "com.apple.product-type.application";
		};
/* End PBXNativeTarget section */

/* Begin PBXProject section */
		D79F6D732B9FBB5C0028B1A2 /* Project object */ = {
			isa = PBXProject;
			attributes = {
				BuildIndependentTargetsInParallel = 1;
				LastSwiftUpdateCheck = 1510;
				LastUpgradeCheck = 1510;
				TargetAttributes = {
					D79F6D7A2B9FBB5C0028B1A2 = {
						CreatedOnToolsVersion = 15.1;
					};
				};
			};
			buildConfigurationList = D79F6D762B9FBB5C0028B1A2 /* Build configuration list for PBXProject "DesignCodeProject" */;
			compatibilityVersion = "Xcode 14.0";
			developmentRegion = en;
			hasScannedForEncodings = 0;
			knownRegions = (
				en,
				Base,
			);
			mainGroup = D79F6D722B9FBB5C0028B1A2;
			productRefGroup = D79F6D7C2B9FBB5C0028B1A2 /* Products */;
			projectDirPath = "";
			projectRoot = "";
			targets = (
				D79F6D7A2B9FBB5C0028B1A2 /* DesignCodeProject */,
			);
		};
/* End PBXProject section */

/* Begin PBXResourcesBuildPhase section */
		D79F6D792B9FBB5C0028B1A2 /* Resources */ = {
			isa = PBXResourcesBuildPhase;
			buildActionMask = 2147483647;
			files = (
				D79F6D862B9FBB5C0028B1A2 /* Preview Assets.xcassets in Resources */,
				D79F6D832B9FBB5C0028B1A2 /* Assets.xcassets in Resources */,
			);
			runOnlyForDeploymentPostprocessing = 0;
		};
/* End PBXResourcesBuildPhase section */

/* Begin PBXSourcesBuildPhase section */
		D79F6D772B9FBB5C0028B1A2 /* Sources */ = {
			isa = PBXSourcesBuildPhase;
			buildActionMask = 2147483647;
			files = (
				D7238E8D2BB1151500F02A83 /* HomeView.swift in Sources */,
				D7D0F09C2BA9AAB60004066A /* AccountView.swift in Sources */,
				D791DD082BD57CDB00D35105 /* CourseView.swift in Sources */,
				D7CD21DC2BAC8AEA006DE7D7 /* HexagonView.swift in Sources */,
				D7CAE6712BD7F9570066EBAC /* Animation+Extension.swift in Sources */,
				D7F65B042BA1EFEE00504989 /* Styles.swift in Sources */,
				D7CB30882BBCCA7B006274AA /* MatchedView.swift in Sources */,
				D7238E8B2BB06F0800F02A83 /* Tab.swift in Sources */,
				D73A5EE32BB323940004B073 /* NavigationBar.swift in Sources */,
				D7CD21DE2BAC9F4A006DE7D7 /* BlobView.swift in Sources */,
				D79F6D812B9FBB5C0028B1A2 /* ContentView.swift in Sources */,
				D7CB30862BBB1464006274AA /* Course.swift in Sources */,
				D79F6D7F2B9FBB5C0028B1A2 /* DesignCodeProjectApp.swift in Sources */,
				D791DD062BD5795000D35105 /* CourseItem.swift in Sources */,
				D73A5EE12BB315F50004B073 /* FeaturedItem.swift in Sources */,
				D7CB30822BB9E99B006274AA /* PreferenceKeys.swift in Sources */,
				D7238E892BADD73E00F02A83 /* TabBar.swift in Sources */,
				D7CB30842BBADF9A006274AA /* AnimatableFontModifier.swift in Sources */,
			);
			runOnlyForDeploymentPostprocessing = 0;
		};
/* End PBXSourcesBuildPhase section */

/* Begin XCBuildConfiguration section */
		D79F6D872B9FBB5C0028B1A2 /* Debug */ = {
			isa = XCBuildConfiguration;
			buildSettings = {
				ALWAYS_SEARCH_USER_PATHS = NO;
				ASSETCATALOG_COMPILER_GENERATE_SWIFT_ASSET_SYMBOL_EXTENSIONS = YES;
				CLANG_ANALYZER_NONNULL = YES;
				CLANG_ANALYZER_NUMBER_OBJECT_CONVERSION = YES_AGGRESSIVE;
				CLANG_CXX_LANGUAGE_STANDARD = "gnu++20";
				CLANG_ENABLE_MODULES = YES;
				CLANG_ENABLE_OBJC_ARC = YES;
				CLANG_ENABLE_OBJC_WEAK = YES;
				CLANG_WARN_BLOCK_CAPTURE_AUTORELEASING = YES;
				CLANG_WARN_BOOL_CONVERSION = YES;
				CLANG_WARN_COMMA = YES;
				CLANG_WARN_CONSTANT_CONVERSION = YES;
				CLANG_WARN_DEPRECATED_OBJC_IMPLEMENTATIONS = YES;
				CLANG_WARN_DIRECT_OBJC_ISA_USAGE = YES_ERROR;
				CLANG_WARN_DOCUMENTATION_COMMENTS = YES;
				CLANG_WARN_EMPTY_BODY = YES;
				CLANG_WARN_ENUM_CONVERSION = YES;
				CLANG_WARN_INFINITE_RECURSION = YES;
				CLANG_WARN_INT_CONVERSION = YES;
				CLANG_WARN_NON_LITERAL_NULL_CONVERSION = YES;
				CLANG_WARN_OBJC_IMPLICIT_RETAIN_SELF = YES;
				CLANG_WARN_OBJC_LITERAL_CONVERSION = YES;
				CLANG_WARN_OBJC_ROOT_CLASS = YES_ERROR;
				CLANG_WARN_QUOTED_INCLUDE_IN_FRAMEWORK_HEADER = YES;
				CLANG_WARN_RANGE_LOOP_ANALYSIS = YES;
				CLANG_WARN_STRICT_PROTOTYPES = YES;
				CLANG_WARN_SUSPICIOUS_MOVE = YES;
				CLANG_WARN_UNGUARDED_AVAILABILITY = YES_AGGRESSIVE;
				CLANG_WARN_UNREACHABLE_CODE = YES;
				CLANG_WARN__DUPLICATE_METHOD_MATCH = YES;
				COPY_PHASE_STRIP = NO;
				DEBUG_INFORMATION_FORMAT = dwarf;
				ENABLE_STRICT_OBJC_MSGSEND = YES;
				ENABLE_TESTABILITY = YES;
				ENABLE_USER_SCRIPT_SANDBOXING = YES;
				GCC_C_LANGUAGE_STANDARD = gnu17;
				GCC_DYNAMIC_NO_PIC = NO;
				GCC_NO_COMMON_BLOCKS = YES;
				GCC_OPTIMIZATION_LEVEL = 0;
				GCC_PREPROCESSOR_DEFINITIONS = (
					"DEBUG=1",
					"$(inherited)",
				);
				GCC_WARN_64_TO_32_BIT_CONVERSION = YES;
				GCC_WARN_ABOUT_RETURN_TYPE = YES_ERROR;
				GCC_WARN_UNDECLARED_SELECTOR = YES;
				GCC_WARN_UNINITIALIZED_AUTOS = YES_AGGRESSIVE;
				GCC_WARN_UNUSED_FUNCTION = YES;
				GCC_WARN_UNUSED_VARIABLE = YES;
				IPHONEOS_DEPLOYMENT_TARGET = 17.2;
				LOCALIZATION_PREFERS_STRING_CATALOGS = YES;
				MTL_ENABLE_DEBUG_INFO = INCLUDE_SOURCE;
				MTL_FAST_MATH = YES;
				ONLY_ACTIVE_ARCH = YES;
				SDKROOT = iphoneos;
				SWIFT_ACTIVE_COMPILATION_CONDITIONS = "DEBUG $(inherited)";
				SWIFT_OPTIMIZATION_LEVEL = "-Onone";
			};
			name = Debug;
		};
		D79F6D882B9FBB5C0028B1A2 /* Release */ = {
			isa = XCBuildConfiguration;
			buildSettings = {
				ALWAYS_SEARCH_USER_PATHS = NO;
				ASSETCATALOG_COMPILER_GENERATE_SWIFT_ASSET_SYMBOL_EXTENSIONS = YES;
				CLANG_ANALYZER_NONNULL = YES;
				CLANG_ANALYZER_NUMBER_OBJECT_CONVERSION = YES_AGGRESSIVE;
				CLANG_CXX_LANGUAGE_STANDARD = "gnu++20";
				CLANG_ENABLE_MODULES = YES;
				CLANG_ENABLE_OBJC_ARC = YES;
				CLANG_ENABLE_OBJC_WEAK = YES;
				CLANG_WARN_BLOCK_CAPTURE_AUTORELEASING = YES;
				CLANG_WARN_BOOL_CONVERSION = YES;
				CLANG_WARN_COMMA = YES;
				CLANG_WARN_CONSTANT_CONVERSION = YES;
				CLANG_WARN_DEPRECATED_OBJC_IMPLEMENTATIONS = YES;
				CLANG_WARN_DIRECT_OBJC_ISA_USAGE = YES_ERROR;
				CLANG_WARN_DOCUMENTATION_COMMENTS = YES;
				CLANG_WARN_EMPTY_BODY = YES;
				CLANG_WARN_ENUM_CONVERSION = YES;
				CLANG_WARN_INFINITE_RECURSION = YES;
				CLANG_WARN_INT_CONVERSION = YES;
				CLANG_WARN_NON_LITERAL_NULL_CONVERSION = YES;
				CLANG_WARN_OBJC_IMPLICIT_RETAIN_SELF = YES;
				CLANG_WARN_OBJC_LITERAL_CONVERSION = YES;
				CLANG_WARN_OBJC_ROOT_CLASS = YES_ERROR;
				CLANG_WARN_QUOTED_INCLUDE_IN_FRAMEWORK_HEADER = YES;
				CLANG_WARN_RANGE_LOOP_ANALYSIS = YES;
				CLANG_WARN_STRICT_PROTOTYPES = YES;
				CLANG_WARN_SUSPICIOUS_MOVE = YES;
				CLANG_WARN_UNGUARDED_AVAILABILITY = YES_AGGRESSIVE;
				CLANG_WARN_UNREACHABLE_CODE = YES;
				CLANG_WARN__DUPLICATE_METHOD_MATCH = YES;
				COPY_PHASE_STRIP = NO;
				DEBUG_INFORMATION_FORMAT = "dwarf-with-dsym";
				ENABLE_NS_ASSERTIONS = NO;
				ENABLE_STRICT_OBJC_MSGSEND = YES;
				ENABLE_USER_SCRIPT_SANDBOXING = YES;
				GCC_C_LANGUAGE_STANDARD = gnu17;
				GCC_NO_COMMON_BLOCKS = YES;
				GCC_WARN_64_TO_32_BIT_CONVERSION = YES;
				GCC_WARN_ABOUT_RETURN_TYPE = YES_ERROR;
				GCC_WARN_UNDECLARED_SELECTOR = YES;
				GCC_WARN_UNINITIALIZED_AUTOS = YES_AGGRESSIVE;
				GCC_WARN_UNUSED_FUNCTION = YES;
				GCC_WARN_UNUSED_VARIABLE = YES;
				IPHONEOS_DEPLOYMENT_TARGET = 17.2;
				LOCALIZATION_PREFERS_STRING_CATALOGS = YES;
				MTL_ENABLE_DEBUG_INFO = NO;
				MTL_FAST_MATH = YES;
				SDKROOT = iphoneos;
				SWIFT_COMPILATION_MODE = wholemodule;
				VALIDATE_PRODUCT = YES;
			};
			name = Release;
		};
		D79F6D8A2B9FBB5C0028B1A2 /* Debug */ = {
			isa = XCBuildConfiguration;
			buildSettings = {
				ASSETCATALOG_COMPILER_APPICON_NAME = AppIcon;
				ASSETCATALOG_COMPILER_GLOBAL_ACCENT_COLOR_NAME = AccentColor;
				CODE_SIGN_STYLE = Automatic;
				CURRENT_PROJECT_VERSION = 1;
				DEVELOPMENT_ASSET_PATHS = "\"DesignCodeProject/Preview Content\"";
				DEVELOPMENT_TEAM = 6HNL37WZ78;
				ENABLE_PREVIEWS = YES;
				GENERATE_INFOPLIST_FILE = YES;
				INFOPLIST_KEY_UIApplicationSceneManifest_Generation = YES;
				INFOPLIST_KEY_UIApplicationSupportsIndirectInputEvents = YES;
				INFOPLIST_KEY_UILaunchScreen_Generation = YES;
				INFOPLIST_KEY_UISupportedInterfaceOrientations_iPad = "UIInterfaceOrientationPortrait UIInterfaceOrientationPortraitUpsideDown UIInterfaceOrientationLandscapeLeft UIInterfaceOrientationLandscapeRight";
				INFOPLIST_KEY_UISupportedInterfaceOrientations_iPhone = "UIInterfaceOrientationPortrait UIInterfaceOrientationLandscapeLeft UIInterfaceOrientationLandscapeRight";
				IPHONEOS_DEPLOYMENT_TARGET = 17.0;
				LD_RUNPATH_SEARCH_PATHS = (
					"$(inherited)",
					"@executable_path/Frameworks",
				);
				MARKETING_VERSION = 1.0;
				PRODUCT_BUNDLE_IDENTIFIER = kz.akan.DesignCodeProject;
				PRODUCT_NAME = "$(TARGET_NAME)";
				SWIFT_EMIT_LOC_STRINGS = YES;
				SWIFT_VERSION = 5.0;
				TARGETED_DEVICE_FAMILY = "1,2";
			};
			name = Debug;
		};
		D79F6D8B2B9FBB5C0028B1A2 /* Release */ = {
			isa = XCBuildConfiguration;
			buildSettings = {
				ASSETCATALOG_COMPILER_APPICON_NAME = AppIcon;
				ASSETCATALOG_COMPILER_GLOBAL_ACCENT_COLOR_NAME = AccentColor;
				CODE_SIGN_STYLE = Automatic;
				CURRENT_PROJECT_VERSION = 1;
				DEVELOPMENT_ASSET_PATHS = "\"DesignCodeProject/Preview Content\"";
				DEVELOPMENT_TEAM = 6HNL37WZ78;
				ENABLE_PREVIEWS = YES;
				GENERATE_INFOPLIST_FILE = YES;
				INFOPLIST_KEY_UIApplicationSceneManifest_Generation = YES;
				INFOPLIST_KEY_UIApplicationSupportsIndirectInputEvents = YES;
				INFOPLIST_KEY_UILaunchScreen_Generation = YES;
				INFOPLIST_KEY_UISupportedInterfaceOrientations_iPad = "UIInterfaceOrientationPortrait UIInterfaceOrientationPortraitUpsideDown UIInterfaceOrientationLandscapeLeft UIInterfaceOrientationLandscapeRight";
				INFOPLIST_KEY_UISupportedInterfaceOrientations_iPhone = "UIInterfaceOrientationPortrait UIInterfaceOrientationLandscapeLeft UIInterfaceOrientationLandscapeRight";
				IPHONEOS_DEPLOYMENT_TARGET = 17.0;
				LD_RUNPATH_SEARCH_PATHS = (
					"$(inherited)",
					"@executable_path/Frameworks",
				);
				MARKETING_VERSION = 1.0;
				PRODUCT_BUNDLE_IDENTIFIER = kz.akan.DesignCodeProject;
				PRODUCT_NAME = "$(TARGET_NAME)";
				SWIFT_EMIT_LOC_STRINGS = YES;
				SWIFT_VERSION = 5.0;
				TARGETED_DEVICE_FAMILY = "1,2";
			};
			name = Release;
		};
/* End XCBuildConfiguration section */

/* Begin XCConfigurationList section */
		D79F6D762B9FBB5C0028B1A2 /* Build configuration list for PBXProject "DesignCodeProject" */ = {
			isa = XCConfigurationList;
			buildConfigurations = (
				D79F6D872B9FBB5C0028B1A2 /* Debug */,
				D79F6D882B9FBB5C0028B1A2 /* Release */,
			);
			defaultConfigurationIsVisible = 0;
			defaultConfigurationName = Release;
		};
		D79F6D892B9FBB5C0028B1A2 /* Build configuration list for PBXNativeTarget "DesignCodeProject" */ = {
			isa = XCConfigurationList;
			buildConfigurations = (
				D79F6D8A2B9FBB5C0028B1A2 /* Debug */,
				D79F6D8B2B9FBB5C0028B1A2 /* Release */,
			);
			defaultConfigurationIsVisible = 0;
			defaultConfigurationName = Release;
		};
/* End XCConfigurationList section */
	};
	rootObject = D79F6D732B9FBB5C0028B1A2 /* Project object */;
}
