// !$*UTF8*$!
{
	archiveVersion = 1;
	classes = {
	};
	objectVersion = 56;
	objects = {

/* Begin PBXBuildFile section */
		D78DCABD2C0E18C000B2C18D /* AngularButton.swift in Sources */ = {isa = PBXBuildFile; fileRef = D78DCABA2C0E18C000B2C18D /* AngularButton.swift */; };
		D78DCABE2C0E18C000B2C18D /* CloseButton.swift in Sources */ = {isa = PBXBuildFile; fileRef = D78DCABB2C0E18C000B2C18D /* CloseButton.swift */; };
		D78DCABF2C0E18C000B2C18D /* PlayButton.swift in Sources */ = {isa = PBXBuildFile; fileRef = D78DCABC2C0E18C000B2C18D /* PlayButton.swift */; };
		D78DCAC82C0E195B00B2C18D /* Wave.swift in Sources */ = {isa = PBXBuildFile; fileRef = D78DCAC32C0E195A00B2C18D /* Wave.swift */; };
		D78DCAC92C0E195B00B2C18D /* CircularView.swift in Sources */ = {isa = PBXBuildFile; fileRef = D78DCAC42C0E195A00B2C18D /* CircularView.swift */; };
		D78DCACA2C0E195B00B2C18D /* HexagonView.swift in Sources */ = {isa = PBXBuildFile; fileRef = D78DCAC52C0E195B00B2C18D /* HexagonView.swift */; };
		D78DCACB2C0E195B00B2C18D /* AnimatedBlobView.swift in Sources */ = {isa = PBXBuildFile; fileRef = D78DCAC62C0E195B00B2C18D /* AnimatedBlobView.swift */; };
		D78DCACC2C0E195B00B2C18D /* LogoView.swift in Sources */ = {isa = PBXBuildFile; fileRef = D78DCAC72C0E195B00B2C18D /* LogoView.swift */; };
		D78DCAD62C0E198F00B2C18D /* FeaturedItem.swift in Sources */ = {isa = PBXBuildFile; fileRef = D78DCACF2C0E198F00B2C18D /* FeaturedItem.swift */; };
		D78DCAD72C0E198F00B2C18D /* CourseItem.swift in Sources */ = {isa = PBXBuildFile; fileRef = D78DCAD02C0E198F00B2C18D /* CourseItem.swift */; };
		D78DCAD82C0E198F00B2C18D /* CertificateView.swift in Sources */ = {isa = PBXBuildFile; fileRef = D78DCAD12C0E198F00B2C18D /* CertificateView.swift */; };
		D78DCAD92C0E198F00B2C18D /* SectionRow.swift in Sources */ = {isa = PBXBuildFile; fileRef = D78DCAD22C0E198F00B2C18D /* SectionRow.swift */; };
		D78DCADA2C0E198F00B2C18D /* HandbookItem.swift in Sources */ = {isa = PBXBuildFile; fileRef = D78DCAD32C0E198F00B2C18D /* HandbookItem.swift */; };
		D78DCADB2C0E198F00B2C18D /* ListRow.swift in Sources */ = {isa = PBXBuildFile; fileRef = D78DCAD42C0E198F00B2C18D /* ListRow.swift */; };
		D78DCADC2C0E198F00B2C18D /* SmallCourseItem.swift in Sources */ = {isa = PBXBuildFile; fileRef = D78DCAD52C0E198F00B2C18D /* SmallCourseItem.swift */; };
		D78DCAE22C0E19D600B2C18D /* ModalView.swift in Sources */ = {isa = PBXBuildFile; fileRef = D78DCADD2C0E19D500B2C18D /* ModalView.swift */; };
		D78DCAE32C0E19D600B2C18D /* AccountView.swift in Sources */ = {isa = PBXBuildFile; fileRef = D78DCADE2C0E19D500B2C18D /* AccountView.swift */; };
		D78DCAE42C0E19D600B2C18D /* SearchView.swift in Sources */ = {isa = PBXBuildFile; fileRef = D78DCADF2C0E19D600B2C18D /* SearchView.swift */; };
		D78DCAE52C0E19D600B2C18D /* SigninView.swift in Sources */ = {isa = PBXBuildFile; fileRef = D78DCAE02C0E19D600B2C18D /* SigninView.swift */; };
		D78DCAE62C0E19D600B2C18D /* SignupView.swift in Sources */ = {isa = PBXBuildFile; fileRef = D78DCAE12C0E19D600B2C18D /* SignupView.swift */; };
		D78DCAEB2C0E19F400B2C18D /* HomeView.swift in Sources */ = {isa = PBXBuildFile; fileRef = D78DCAE72C0E19F400B2C18D /* HomeView.swift */; };
		D78DCAEC2C0E19F400B2C18D /* LibraryView.swift in Sources */ = {isa = PBXBuildFile; fileRef = D78DCAE82C0E19F400B2C18D /* LibraryView.swift */; };
		D78DCAED2C0E19F400B2C18D /* NotificationsView.swift in Sources */ = {isa = PBXBuildFile; fileRef = D78DCAE92C0E19F400B2C18D /* NotificationsView.swift */; };
		D78DCAEE2C0E19F400B2C18D /* ExploreView.swift in Sources */ = {isa = PBXBuildFile; fileRef = D78DCAEA2C0E19F400B2C18D /* ExploreView.swift */; };
		D78DCAF22C0E1A1500B2C18D /* CourseView.swift in Sources */ = {isa = PBXBuildFile; fileRef = D78DCAF02C0E1A1500B2C18D /* CourseView.swift */; };
		D78DCAF32C0E1A1500B2C18D /* SectionView.swift in Sources */ = {isa = PBXBuildFile; fileRef = D78DCAF12C0E1A1500B2C18D /* SectionView.swift */; };
		D78DCAF92C0E1A6B00B2C18D /* ContentView.swift in Sources */ = {isa = PBXBuildFile; fileRef = D78DCAF52C0E1A6B00B2C18D /* ContentView.swift */; };
		D78DCAFA2C0E1A6B00B2C18D /* Sidebar.swift in Sources */ = {isa = PBXBuildFile; fileRef = D78DCAF62C0E1A6B00B2C18D /* Sidebar.swift */; };
		D78DCAFB2C0E1A6B00B2C18D /* TabBar.swift in Sources */ = {isa = PBXBuildFile; fileRef = D78DCAF72C0E1A6B00B2C18D /* TabBar.swift */; };
		D78DCAFC2C0E1A6B00B2C18D /* NavigationBar.swift in Sources */ = {isa = PBXBuildFile; fileRef = D78DCAF82C0E1A6B00B2C18D /* NavigationBar.swift */; };
		D78DCB052C0E1A9200B2C18D /* Topic.swift in Sources */ = {isa = PBXBuildFile; fileRef = D78DCAFD2C0E1A9200B2C18D /* Topic.swift */; };
		D78DCB062C0E1A9200B2C18D /* Tab.swift in Sources */ = {isa = PBXBuildFile; fileRef = D78DCAFE2C0E1A9200B2C18D /* Tab.swift */; };
		D78DCB072C0E1A9200B2C18D /* Handbook.swift in Sources */ = {isa = PBXBuildFile; fileRef = D78DCAFF2C0E1A9200B2C18D /* Handbook.swift */; };
		D78DCB082C0E1A9200B2C18D /* Course.swift in Sources */ = {isa = PBXBuildFile; fileRef = D78DCB002C0E1A9200B2C18D /* Course.swift */; };
		D78DCB092C0E1A9200B2C18D /* CourseSection.swift in Sources */ = {isa = PBXBuildFile; fileRef = D78DCB012C0E1A9200B2C18D /* CourseSection.swift */; };
		D78DCB0A2C0E1A9200B2C18D /* PreferenceKey.swift in Sources */ = {isa = PBXBuildFile; fileRef = D78DCB022C0E1A9200B2C18D /* PreferenceKey.swift */; };
		D78DCB0B2C0E1A9200B2C18D /* Update.swift in Sources */ = {isa = PBXBuildFile; fileRef = D78DCB032C0E1A9200B2C18D /* Update.swift */; };
		D78DCB0C2C0E1A9200B2C18D /* Model.swift in Sources */ = {isa = PBXBuildFile; fileRef = D78DCB042C0E1A9200B2C18D /* Model.swift */; };
		D78DCB132C0E1B0E00B2C18D /* ColorExtension.swift in Sources */ = {isa = PBXBuildFile; fileRef = D78DCB0D2C0E1B0E00B2C18D /* ColorExtension.swift */; };
		D78DCB142C0E1B0E00B2C18D /* AnimatableFontModifier.swift in Sources */ = {isa = PBXBuildFile; fileRef = D78DCB0E2C0E1B0E00B2C18D /* AnimatableFontModifier.swift */; };
		D78DCB152C0E1B0E00B2C18D /* Animations.swift in Sources */ = {isa = PBXBuildFile; fileRef = D78DCB0F2C0E1B0E00B2C18D /* Animations.swift */; };
		D78DCB162C0E1B0E00B2C18D /* CustomFieldModifier.swift in Sources */ = {isa = PBXBuildFile; fileRef = D78DCB102C0E1B0E00B2C18D /* CustomFieldModifier.swift */; };
		D78DCB172C0E1B0E00B2C18D /* TextModifiers.swift in Sources */ = {isa = PBXBuildFile; fileRef = D78DCB112C0E1B0E00B2C18D /* TextModifiers.swift */; };
		D78DCB182C0E1B0E00B2C18D /* Modifiers.swift in Sources */ = {isa = PBXBuildFile; fileRef = D78DCB122C0E1B0E00B2C18D /* Modifiers.swift */; };
		D79F6D7F2B9FBB5C0028B1A2 /* DesignCodeProjectApp.swift in Sources */ = {isa = PBXBuildFile; fileRef = D79F6D7E2B9FBB5C0028B1A2 /* DesignCodeProjectApp.swift */; };
		D79F6D832B9FBB5C0028B1A2 /* Assets.xcassets in Resources */ = {isa = PBXBuildFile; fileRef = D79F6D822B9FBB5C0028B1A2 /* Assets.xcassets */; };
		D79F6D862B9FBB5C0028B1A2 /* Preview Assets.xcassets in Resources */ = {isa = PBXBuildFile; fileRef = D79F6D852B9FBB5C0028B1A2 /* Preview Assets.xcassets */; };
/* End PBXBuildFile section */

/* Begin PBXFileReference section */
		D78DCABA2C0E18C000B2C18D /* AngularButton.swift */ = {isa = PBXFileReference; fileEncoding = 4; lastKnownFileType = sourcecode.swift; path = AngularButton.swift; sourceTree = "<group>"; };
		D78DCABB2C0E18C000B2C18D /* CloseButton.swift */ = {isa = PBXFileReference; fileEncoding = 4; lastKnownFileType = sourcecode.swift; path = CloseButton.swift; sourceTree = "<group>"; };
		D78DCABC2C0E18C000B2C18D /* PlayButton.swift */ = {isa = PBXFileReference; fileEncoding = 4; lastKnownFileType = sourcecode.swift; path = PlayButton.swift; sourceTree = "<group>"; };
		D78DCAC32C0E195A00B2C18D /* Wave.swift */ = {isa = PBXFileReference; fileEncoding = 4; lastKnownFileType = sourcecode.swift; path = Wave.swift; sourceTree = "<group>"; };
		D78DCAC42C0E195A00B2C18D /* CircularView.swift */ = {isa = PBXFileReference; fileEncoding = 4; lastKnownFileType = sourcecode.swift; path = CircularView.swift; sourceTree = "<group>"; };
		D78DCAC52C0E195B00B2C18D /* HexagonView.swift */ = {isa = PBXFileReference; fileEncoding = 4; lastKnownFileType = sourcecode.swift; path = HexagonView.swift; sourceTree = "<group>"; };
		D78DCAC62C0E195B00B2C18D /* AnimatedBlobView.swift */ = {isa = PBXFileReference; fileEncoding = 4; lastKnownFileType = sourcecode.swift; path = AnimatedBlobView.swift; sourceTree = "<group>"; };
		D78DCAC72C0E195B00B2C18D /* LogoView.swift */ = {isa = PBXFileReference; fileEncoding = 4; lastKnownFileType = sourcecode.swift; path = LogoView.swift; sourceTree = "<group>"; };
		D78DCACF2C0E198F00B2C18D /* FeaturedItem.swift */ = {isa = PBXFileReference; fileEncoding = 4; lastKnownFileType = sourcecode.swift; path = FeaturedItem.swift; sourceTree = "<group>"; };
		D78DCAD02C0E198F00B2C18D /* CourseItem.swift */ = {isa = PBXFileReference; fileEncoding = 4; lastKnownFileType = sourcecode.swift; path = CourseItem.swift; sourceTree = "<group>"; };
		D78DCAD12C0E198F00B2C18D /* CertificateView.swift */ = {isa = PBXFileReference; fileEncoding = 4; lastKnownFileType = sourcecode.swift; path = CertificateView.swift; sourceTree = "<group>"; };
		D78DCAD22C0E198F00B2C18D /* SectionRow.swift */ = {isa = PBXFileReference; fileEncoding = 4; lastKnownFileType = sourcecode.swift; path = SectionRow.swift; sourceTree = "<group>"; };
		D78DCAD32C0E198F00B2C18D /* HandbookItem.swift */ = {isa = PBXFileReference; fileEncoding = 4; lastKnownFileType = sourcecode.swift; path = HandbookItem.swift; sourceTree = "<group>"; };
		D78DCAD42C0E198F00B2C18D /* ListRow.swift */ = {isa = PBXFileReference; fileEncoding = 4; lastKnownFileType = sourcecode.swift; path = ListRow.swift; sourceTree = "<group>"; };
		D78DCAD52C0E198F00B2C18D /* SmallCourseItem.swift */ = {isa = PBXFileReference; fileEncoding = 4; lastKnownFileType = sourcecode.swift; path = SmallCourseItem.swift; sourceTree = "<group>"; };
		D78DCADD2C0E19D500B2C18D /* ModalView.swift */ = {isa = PBXFileReference; fileEncoding = 4; lastKnownFileType = sourcecode.swift; path = ModalView.swift; sourceTree = "<group>"; };
		D78DCADE2C0E19D500B2C18D /* AccountView.swift */ = {isa = PBXFileReference; fileEncoding = 4; lastKnownFileType = sourcecode.swift; path = AccountView.swift; sourceTree = "<group>"; };
		D78DCADF2C0E19D600B2C18D /* SearchView.swift */ = {isa = PBXFileReference; fileEncoding = 4; lastKnownFileType = sourcecode.swift; path = SearchView.swift; sourceTree = "<group>"; };
		D78DCAE02C0E19D600B2C18D /* SigninView.swift */ = {isa = PBXFileReference; fileEncoding = 4; lastKnownFileType = sourcecode.swift; path = SigninView.swift; sourceTree = "<group>"; };
		D78DCAE12C0E19D600B2C18D /* SignupView.swift */ = {isa = PBXFileReference; fileEncoding = 4; lastKnownFileType = sourcecode.swift; path = SignupView.swift; sourceTree = "<group>"; };
		D78DCAE72C0E19F400B2C18D /* HomeView.swift */ = {isa = PBXFileReference; fileEncoding = 4; lastKnownFileType = sourcecode.swift; path = HomeView.swift; sourceTree = "<group>"; };
		D78DCAE82C0E19F400B2C18D /* LibraryView.swift */ = {isa = PBXFileReference; fileEncoding = 4; lastKnownFileType = sourcecode.swift; path = LibraryView.swift; sourceTree = "<group>"; };
		D78DCAE92C0E19F400B2C18D /* NotificationsView.swift */ = {isa = PBXFileReference; fileEncoding = 4; lastKnownFileType = sourcecode.swift; path = NotificationsView.swift; sourceTree = "<group>"; };
		D78DCAEA2C0E19F400B2C18D /* ExploreView.swift */ = {isa = PBXFileReference; fileEncoding = 4; lastKnownFileType = sourcecode.swift; path = ExploreView.swift; sourceTree = "<group>"; };
		D78DCAF02C0E1A1500B2C18D /* CourseView.swift */ = {isa = PBXFileReference; fileEncoding = 4; lastKnownFileType = sourcecode.swift; path = CourseView.swift; sourceTree = "<group>"; };
		D78DCAF12C0E1A1500B2C18D /* SectionView.swift */ = {isa = PBXFileReference; fileEncoding = 4; lastKnownFileType = sourcecode.swift; path = SectionView.swift; sourceTree = "<group>"; };
		D78DCAF52C0E1A6B00B2C18D /* ContentView.swift */ = {isa = PBXFileReference; fileEncoding = 4; lastKnownFileType = sourcecode.swift; path = ContentView.swift; sourceTree = "<group>"; };
		D78DCAF62C0E1A6B00B2C18D /* Sidebar.swift */ = {isa = PBXFileReference; fileEncoding = 4; lastKnownFileType = sourcecode.swift; path = Sidebar.swift; sourceTree = "<group>"; };
		D78DCAF72C0E1A6B00B2C18D /* TabBar.swift */ = {isa = PBXFileReference; fileEncoding = 4; lastKnownFileType = sourcecode.swift; path = TabBar.swift; sourceTree = "<group>"; };
		D78DCAF82C0E1A6B00B2C18D /* NavigationBar.swift */ = {isa = PBXFileReference; fileEncoding = 4; lastKnownFileType = sourcecode.swift; path = NavigationBar.swift; sourceTree = "<group>"; };
		D78DCAFD2C0E1A9200B2C18D /* Topic.swift */ = {isa = PBXFileReference; fileEncoding = 4; lastKnownFileType = sourcecode.swift; path = Topic.swift; sourceTree = "<group>"; };
		D78DCAFE2C0E1A9200B2C18D /* Tab.swift */ = {isa = PBXFileReference; fileEncoding = 4; lastKnownFileType = sourcecode.swift; path = Tab.swift; sourceTree = "<group>"; };
		D78DCAFF2C0E1A9200B2C18D /* Handbook.swift */ = {isa = PBXFileReference; fileEncoding = 4; lastKnownFileType = sourcecode.swift; path = Handbook.swift; sourceTree = "<group>"; };
		D78DCB002C0E1A9200B2C18D /* Course.swift */ = {isa = PBXFileReference; fileEncoding = 4; lastKnownFileType = sourcecode.swift; path = Course.swift; sourceTree = "<group>"; };
		D78DCB012C0E1A9200B2C18D /* CourseSection.swift */ = {isa = PBXFileReference; fileEncoding = 4; lastKnownFileType = sourcecode.swift; path = CourseSection.swift; sourceTree = "<group>"; };
		D78DCB022C0E1A9200B2C18D /* PreferenceKey.swift */ = {isa = PBXFileReference; fileEncoding = 4; lastKnownFileType = sourcecode.swift; path = PreferenceKey.swift; sourceTree = "<group>"; };
		D78DCB032C0E1A9200B2C18D /* Update.swift */ = {isa = PBXFileReference; fileEncoding = 4; lastKnownFileType = sourcecode.swift; path = Update.swift; sourceTree = "<group>"; };
		D78DCB042C0E1A9200B2C18D /* Model.swift */ = {isa = PBXFileReference; fileEncoding = 4; lastKnownFileType = sourcecode.swift; path = Model.swift; sourceTree = "<group>"; };
		D78DCB0D2C0E1B0E00B2C18D /* ColorExtension.swift */ = {isa = PBXFileReference; fileEncoding = 4; lastKnownFileType = sourcecode.swift; path = ColorExtension.swift; sourceTree = "<group>"; };
		D78DCB0E2C0E1B0E00B2C18D /* AnimatableFontModifier.swift */ = {isa = PBXFileReference; fileEncoding = 4; lastKnownFileType = sourcecode.swift; path = AnimatableFontModifier.swift; sourceTree = "<group>"; };
		D78DCB0F2C0E1B0E00B2C18D /* Animations.swift */ = {isa = PBXFileReference; fileEncoding = 4; lastKnownFileType = sourcecode.swift; path = Animations.swift; sourceTree = "<group>"; };
		D78DCB102C0E1B0E00B2C18D /* CustomFieldModifier.swift */ = {isa = PBXFileReference; fileEncoding = 4; lastKnownFileType = sourcecode.swift; path = CustomFieldModifier.swift; sourceTree = "<group>"; };
		D78DCB112C0E1B0E00B2C18D /* TextModifiers.swift */ = {isa = PBXFileReference; fileEncoding = 4; lastKnownFileType = sourcecode.swift; path = TextModifiers.swift; sourceTree = "<group>"; };
		D78DCB122C0E1B0E00B2C18D /* Modifiers.swift */ = {isa = PBXFileReference; fileEncoding = 4; lastKnownFileType = sourcecode.swift; path = Modifiers.swift; sourceTree = "<group>"; };
		D79F6D7B2B9FBB5C0028B1A2 /* DesignCodeProject.app */ = {isa = PBXFileReference; explicitFileType = wrapper.application; includeInIndex = 0; path = DesignCodeProject.app; sourceTree = BUILT_PRODUCTS_DIR; };
		D79F6D7E2B9FBB5C0028B1A2 /* DesignCodeProjectApp.swift */ = {isa = PBXFileReference; lastKnownFileType = sourcecode.swift; path = DesignCodeProjectApp.swift; sourceTree = "<group>"; };
		D79F6D822B9FBB5C0028B1A2 /* Assets.xcassets */ = {isa = PBXFileReference; lastKnownFileType = folder.assetcatalog; path = Assets.xcassets; sourceTree = "<group>"; };
		D79F6D852B9FBB5C0028B1A2 /* Preview Assets.xcassets */ = {isa = PBXFileReference; lastKnownFileType = folder.assetcatalog; path = "Preview Assets.xcassets"; sourceTree = "<group>"; };
/* End PBXFileReference section */

/* Begin PBXFrameworksBuildPhase section */
		D79F6D782B9FBB5C0028B1A2 /* Frameworks */ = {
			isa = PBXFrameworksBuildPhase;
			buildActionMask = 2147483647;
			files = (
			);
			runOnlyForDeploymentPostprocessing = 0;
		};
/* End PBXFrameworksBuildPhase section */

/* Begin PBXGroup section */
		D70E6B0F2BEE83960033910C /* Modals */ = {
			isa = PBXGroup;
			children = (
				D78DCADE2C0E19D500B2C18D /* AccountView.swift */,
				D78DCADD2C0E19D500B2C18D /* ModalView.swift */,
				D78DCADF2C0E19D600B2C18D /* SearchView.swift */,
				D78DCAE02C0E19D600B2C18D /* SigninView.swift */,
				D78DCAE12C0E19D600B2C18D /* SignupView.swift */,
			);
			path = Modals;
			sourceTree = "<group>";
		};
		D7238E8E2BB19E2E00F02A83 /* Navigation */ = {
			isa = PBXGroup;
			children = (
				D78DCAF52C0E1A6B00B2C18D /* ContentView.swift */,
				D78DCAF82C0E1A6B00B2C18D /* NavigationBar.swift */,
				D78DCAF62C0E1A6B00B2C18D /* Sidebar.swift */,
				D78DCAF72C0E1A6B00B2C18D /* TabBar.swift */,
			);
			path = Navigation;
			sourceTree = "<group>";
		};
		D7238E8F2BB19E5B00F02A83 /* Views */ = {
			isa = PBXGroup;
			children = (
				D78DCAF42C0E1A1B00B2C18D /* Detail */,
				D78DCAEF2C0E19FA00B2C18D /* Main */,
				D70E6B0F2BEE83960033910C /* Modals */,
			);
			path = Views;
			sourceTree = "<group>";
		};
		D7238E902BB1AE0600F02A83 /* Components */ = {
			isa = PBXGroup;
			children = (
				D78DCACE2C0E197D00B2C18D /* Items */,
				D78DCAC02C0E18C600B2C18D /* Buttons */,
				D78DCACD2C0E195F00B2C18D /* Misc */,
			);
			path = Components;
			sourceTree = "<group>";
		};
		D7238E912BB1AE3100F02A83 /* Model */ = {
			isa = PBXGroup;
			children = (
				D78DCB002C0E1A9200B2C18D /* Course.swift */,
				D78DCB012C0E1A9200B2C18D /* CourseSection.swift */,
				D78DCAFF2C0E1A9200B2C18D /* Handbook.swift */,
				D78DCB042C0E1A9200B2C18D /* Model.swift */,
				D78DCB022C0E1A9200B2C18D /* PreferenceKey.swift */,
				D78DCAFE2C0E1A9200B2C18D /* Tab.swift */,
				D78DCAFD2C0E1A9200B2C18D /* Topic.swift */,
				D78DCB032C0E1A9200B2C18D /* Update.swift */,
			);
			path = Model;
			sourceTree = "<group>";
		};
		D7238E922BB1AE8B00F02A83 /* Styles */ = {
			isa = PBXGroup;
			children = (
				D78DCB0E2C0E1B0E00B2C18D /* AnimatableFontModifier.swift */,
				D78DCB0F2C0E1B0E00B2C18D /* Animations.swift */,
				D78DCB0D2C0E1B0E00B2C18D /* ColorExtension.swift */,
				D78DCB102C0E1B0E00B2C18D /* CustomFieldModifier.swift */,
				D78DCB122C0E1B0E00B2C18D /* Modifiers.swift */,
				D78DCB112C0E1B0E00B2C18D /* TextModifiers.swift */,
			);
			path = Styles;
			sourceTree = "<group>";
		};
		D78DCAC02C0E18C600B2C18D /* Buttons */ = {
			isa = PBXGroup;
			children = (
				D78DCABA2C0E18C000B2C18D /* AngularButton.swift */,
				D78DCABB2C0E18C000B2C18D /* CloseButton.swift */,
				D78DCABC2C0E18C000B2C18D /* PlayButton.swift */,
			);
			path = Buttons;
			sourceTree = "<group>";
		};
		D78DCACD2C0E195F00B2C18D /* Misc */ = {
			isa = PBXGroup;
			children = (
				D78DCAC62C0E195B00B2C18D /* AnimatedBlobView.swift */,
				D78DCAC42C0E195A00B2C18D /* CircularView.swift */,
				D78DCAC52C0E195B00B2C18D /* HexagonView.swift */,
				D78DCAC72C0E195B00B2C18D /* LogoView.swift */,
				D78DCAC32C0E195A00B2C18D /* Wave.swift */,
			);
			path = Misc;
			sourceTree = "<group>";
		};
		D78DCACE2C0E197D00B2C18D /* Items */ = {
			isa = PBXGroup;
			children = (
				D78DCAD12C0E198F00B2C18D /* CertificateView.swift */,
				D78DCAD02C0E198F00B2C18D /* CourseItem.swift */,
				D78DCACF2C0E198F00B2C18D /* FeaturedItem.swift */,
				D78DCAD32C0E198F00B2C18D /* HandbookItem.swift */,
				D78DCAD42C0E198F00B2C18D /* ListRow.swift */,
				D78DCAD22C0E198F00B2C18D /* SectionRow.swift */,
				D78DCAD52C0E198F00B2C18D /* SmallCourseItem.swift */,
			);
			path = Items;
			sourceTree = "<group>";
		};
		D78DCAEF2C0E19FA00B2C18D /* Main */ = {
			isa = PBXGroup;
			children = (
				D78DCAEA2C0E19F400B2C18D /* ExploreView.swift */,
				D78DCAE72C0E19F400B2C18D /* HomeView.swift */,
				D78DCAE82C0E19F400B2C18D /* LibraryView.swift */,
				D78DCAE92C0E19F400B2C18D /* NotificationsView.swift */,
			);
			path = Main;
			sourceTree = "<group>";
		};
		D78DCAF42C0E1A1B00B2C18D /* Detail */ = {
			isa = PBXGroup;
			children = (
				D78DCAF02C0E1A1500B2C18D /* CourseView.swift */,
				D78DCAF12C0E1A1500B2C18D /* SectionView.swift */,
			);
			path = Detail;
			sourceTree = "<group>";
		};
		D79F6D722B9FBB5C0028B1A2 = {
			isa = PBXGroup;
			children = (
				D79F6D7D2B9FBB5C0028B1A2 /* DesignCodeProject */,
				D79F6D7C2B9FBB5C0028B1A2 /* Products */,
			);
			sourceTree = "<group>";
		};
		D79F6D7C2B9FBB5C0028B1A2 /* Products */ = {
			isa = PBXGroup;
			children = (
				D79F6D7B2B9FBB5C0028B1A2 /* DesignCodeProject.app */,
			);
			name = Products;
			sourceTree = "<group>";
		};
		D79F6D7D2B9FBB5C0028B1A2 /* DesignCodeProject */ = {
			isa = PBXGroup;
			children = (
				D79F6D7E2B9FBB5C0028B1A2 /* DesignCodeProjectApp.swift */,
				D7238E912BB1AE3100F02A83 /* Model */,
				D7238E8E2BB19E2E00F02A83 /* Navigation */,
				D7238E8F2BB19E5B00F02A83 /* Views */,
				D7238E902BB1AE0600F02A83 /* Components */,
				D7238E922BB1AE8B00F02A83 /* Styles */,
				D79F6D822B9FBB5C0028B1A2 /* Assets.xcassets */,
				D79F6D842B9FBB5C0028B1A2 /* Preview Content */,
			);
			path = DesignCodeProject;
			sourceTree = "<group>";
		};
		D79F6D842B9FBB5C0028B1A2 /* Preview Content */ = {
			isa = PBXGroup;
			children = (
				D79F6D852B9FBB5C0028B1A2 /* Preview Assets.xcassets */,
			);
			path = "Preview Content";
			sourceTree = "<group>";
		};
/* End PBXGroup section */

/* Begin PBXNativeTarget section */
		D79F6D7A2B9FBB5C0028B1A2 /* DesignCodeProject */ = {
			isa = PBXNativeTarget;
			buildConfigurationList = D79F6D892B9FBB5C0028B1A2 /* Build configuration list for PBXNativeTarget "DesignCodeProject" */;
			buildPhases = (
				D79F6D772B9FBB5C0028B1A2 /* Sources */,
				D79F6D782B9FBB5C0028B1A2 /* Frameworks */,
				D79F6D792B9FBB5C0028B1A2 /* Resources */,
			);
			buildRules = (
			);
			dependencies = (
			);
			name = DesignCodeProject;
			productName = DesignCodeProject;
			productReference = D79F6D7B2B9FBB5C0028B1A2 /* DesignCodeProject.app */;
			productType = "com.apple.product-type.application";
		};
/* End PBXNativeTarget section */

/* Begin PBXProject section */
		D79F6D732B9FBB5C0028B1A2 /* Project object */ = {
			isa = PBXProject;
			attributes = {
				BuildIndependentTargetsInParallel = 1;
				LastSwiftUpdateCheck = 1510;
				LastUpgradeCheck = 1510;
				TargetAttributes = {
					D79F6D7A2B9FBB5C0028B1A2 = {
						CreatedOnToolsVersion = 15.1;
					};
				};
			};
			buildConfigurationList = D79F6D762B9FBB5C0028B1A2 /* Build configuration list for PBXProject "DesignCodeProject" */;
			compatibilityVersion = "Xcode 14.0";
			developmentRegion = en;
			hasScannedForEncodings = 0;
			knownRegions = (
				en,
				Base,
			);
			mainGroup = D79F6D722B9FBB5C0028B1A2;
			productRefGroup = D79F6D7C2B9FBB5C0028B1A2 /* Products */;
			projectDirPath = "";
			projectRoot = "";
			targets = (
				D79F6D7A2B9FBB5C0028B1A2 /* DesignCodeProject */,
			);
		};
/* End PBXProject section */

/* Begin PBXResourcesBuildPhase section */
		D79F6D792B9FBB5C0028B1A2 /* Resources */ = {
			isa = PBXResourcesBuildPhase;
			buildActionMask = 2147483647;
			files = (
				D79F6D862B9FBB5C0028B1A2 /* Preview Assets.xcassets in Resources */,
				D79F6D832B9FBB5C0028B1A2 /* Assets.xcassets in Resources */,
			);
			runOnlyForDeploymentPostprocessing = 0;
		};
/* End PBXResourcesBuildPhase section */

/* Begin PBXSourcesBuildPhase section */
		D79F6D772B9FBB5C0028B1A2 /* Sources */ = {
			isa = PBXSourcesBuildPhase;
			buildActionMask = 2147483647;
			files = (
				D78DCB0C2C0E1A9200B2C18D /* Model.swift in Sources */,
				D78DCAE62C0E19D600B2C18D /* SignupView.swift in Sources */,
				D78DCAED2C0E19F400B2C18D /* NotificationsView.swift in Sources */,
				D78DCAF92C0E1A6B00B2C18D /* ContentView.swift in Sources */,
				D78DCB052C0E1A9200B2C18D /* Topic.swift in Sources */,
				D78DCAFA2C0E1A6B00B2C18D /* Sidebar.swift in Sources */,
				D78DCABE2C0E18C000B2C18D /* CloseButton.swift in Sources */,
				D78DCAFC2C0E1A6B00B2C18D /* NavigationBar.swift in Sources */,
				D78DCAD72C0E198F00B2C18D /* CourseItem.swift in Sources */,
				D78DCACC2C0E195B00B2C18D /* LogoView.swift in Sources */,
				D78DCAD62C0E198F00B2C18D /* FeaturedItem.swift in Sources */,
				D78DCAE32C0E19D600B2C18D /* AccountView.swift in Sources */,
				D78DCABF2C0E18C000B2C18D /* PlayButton.swift in Sources */,
				D78DCAD82C0E198F00B2C18D /* CertificateView.swift in Sources */,
				D78DCAD92C0E198F00B2C18D /* SectionRow.swift in Sources */,
				D78DCAEB2C0E19F400B2C18D /* HomeView.swift in Sources */,
				D78DCB162C0E1B0E00B2C18D /* CustomFieldModifier.swift in Sources */,
				D78DCAFB2C0E1A6B00B2C18D /* TabBar.swift in Sources */,
				D78DCAC92C0E195B00B2C18D /* CircularView.swift in Sources */,
				D78DCB0B2C0E1A9200B2C18D /* Update.swift in Sources */,
				D78DCB132C0E1B0E00B2C18D /* ColorExtension.swift in Sources */,
				D78DCB172C0E1B0E00B2C18D /* TextModifiers.swift in Sources */,
				D78DCB152C0E1B0E00B2C18D /* Animations.swift in Sources */,
				D78DCADB2C0E198F00B2C18D /* ListRow.swift in Sources */,
				D78DCAF32C0E1A1500B2C18D /* SectionView.swift in Sources */,
				D78DCAE22C0E19D600B2C18D /* ModalView.swift in Sources */,
				D79F6D7F2B9FBB5C0028B1A2 /* DesignCodeProjectApp.swift in Sources */,
				D78DCAC82C0E195B00B2C18D /* Wave.swift in Sources */,
				D78DCAEE2C0E19F400B2C18D /* ExploreView.swift in Sources */,
				D78DCB082C0E1A9200B2C18D /* Course.swift in Sources */,
				D78DCADC2C0E198F00B2C18D /* SmallCourseItem.swift in Sources */,
				D78DCB0A2C0E1A9200B2C18D /* PreferenceKey.swift in Sources */,
				D78DCAEC2C0E19F400B2C18D /* LibraryView.swift in Sources */,
				D78DCAE42C0E19D600B2C18D /* SearchView.swift in Sources */,
				D78DCB182C0E1B0E00B2C18D /* Modifiers.swift in Sources */,
				D78DCB072C0E1A9200B2C18D /* Handbook.swift in Sources */,
				D78DCAF22C0E1A1500B2C18D /* CourseView.swift in Sources */,
				D78DCAE52C0E19D600B2C18D /* SigninView.swift in Sources */,
				D78DCB062C0E1A9200B2C18D /* Tab.swift in Sources */,
				D78DCB142C0E1B0E00B2C18D /* AnimatableFontModifier.swift in Sources */,
				D78DCACA2C0E195B00B2C18D /* HexagonView.swift in Sources */,
				D78DCABD2C0E18C000B2C18D /* AngularButton.swift in Sources */,
				D78DCACB2C0E195B00B2C18D /* AnimatedBlobView.swift in Sources */,
				D78DCB092C0E1A9200B2C18D /* CourseSection.swift in Sources */,
				D78DCADA2C0E198F00B2C18D /* HandbookItem.swift in Sources */,
			);
			runOnlyForDeploymentPostprocessing = 0;
		};
/* End PBXSourcesBuildPhase section */

/* Begin XCBuildConfiguration section */
		D79F6D872B9FBB5C0028B1A2 /* Debug */ = {
			isa = XCBuildConfiguration;
			buildSettings = {
				ALWAYS_SEARCH_USER_PATHS = NO;
				ASSETCATALOG_COMPILER_GENERATE_SWIFT_ASSET_SYMBOL_EXTENSIONS = YES;
				CLANG_ANALYZER_NONNULL = YES;
				CLANG_ANALYZER_NUMBER_OBJECT_CONVERSION = YES_AGGRESSIVE;
				CLANG_CXX_LANGUAGE_STANDARD = "gnu++20";
				CLANG_ENABLE_MODULES = YES;
				CLANG_ENABLE_OBJC_ARC = YES;
				CLANG_ENABLE_OBJC_WEAK = YES;
				CLANG_WARN_BLOCK_CAPTURE_AUTORELEASING = YES;
				CLANG_WARN_BOOL_CONVERSION = YES;
				CLANG_WARN_COMMA = YES;
				CLANG_WARN_CONSTANT_CONVERSION = YES;
				CLANG_WARN_DEPRECATED_OBJC_IMPLEMENTATIONS = YES;
				CLANG_WARN_DIRECT_OBJC_ISA_USAGE = YES_ERROR;
				CLANG_WARN_DOCUMENTATION_COMMENTS = YES;
				CLANG_WARN_EMPTY_BODY = YES;
				CLANG_WARN_ENUM_CONVERSION = YES;
				CLANG_WARN_INFINITE_RECURSION = YES;
				CLANG_WARN_INT_CONVERSION = YES;
				CLANG_WARN_NON_LITERAL_NULL_CONVERSION = YES;
				CLANG_WARN_OBJC_IMPLICIT_RETAIN_SELF = YES;
				CLANG_WARN_OBJC_LITERAL_CONVERSION = YES;
				CLANG_WARN_OBJC_ROOT_CLASS = YES_ERROR;
				CLANG_WARN_QUOTED_INCLUDE_IN_FRAMEWORK_HEADER = YES;
				CLANG_WARN_RANGE_LOOP_ANALYSIS = YES;
				CLANG_WARN_STRICT_PROTOTYPES = YES;
				CLANG_WARN_SUSPICIOUS_MOVE = YES;
				CLANG_WARN_UNGUARDED_AVAILABILITY = YES_AGGRESSIVE;
				CLANG_WARN_UNREACHABLE_CODE = YES;
				CLANG_WARN__DUPLICATE_METHOD_MATCH = YES;
				COPY_PHASE_STRIP = NO;
				DEBUG_INFORMATION_FORMAT = dwarf;
				ENABLE_STRICT_OBJC_MSGSEND = YES;
				ENABLE_TESTABILITY = YES;
				ENABLE_USER_SCRIPT_SANDBOXING = YES;
				GCC_C_LANGUAGE_STANDARD = gnu17;
				GCC_DYNAMIC_NO_PIC = NO;
				GCC_NO_COMMON_BLOCKS = YES;
				GCC_OPTIMIZATION_LEVEL = 0;
				GCC_PREPROCESSOR_DEFINITIONS = (
					"DEBUG=1",
					"$(inherited)",
				);
				GCC_WARN_64_TO_32_BIT_CONVERSION = YES;
				GCC_WARN_ABOUT_RETURN_TYPE = YES_ERROR;
				GCC_WARN_UNDECLARED_SELECTOR = YES;
				GCC_WARN_UNINITIALIZED_AUTOS = YES_AGGRESSIVE;
				GCC_WARN_UNUSED_FUNCTION = YES;
				GCC_WARN_UNUSED_VARIABLE = YES;
				IPHONEOS_DEPLOYMENT_TARGET = 17.2;
				LOCALIZATION_PREFERS_STRING_CATALOGS = YES;
				MTL_ENABLE_DEBUG_INFO = INCLUDE_SOURCE;
				MTL_FAST_MATH = YES;
				ONLY_ACTIVE_ARCH = YES;
				SDKROOT = iphoneos;
				SWIFT_ACTIVE_COMPILATION_CONDITIONS = "DEBUG $(inherited)";
				SWIFT_OPTIMIZATION_LEVEL = "-Onone";
			};
			name = Debug;
		};
		D79F6D882B9FBB5C0028B1A2 /* Release */ = {
			isa = XCBuildConfiguration;
			buildSettings = {
				ALWAYS_SEARCH_USER_PATHS = NO;
				ASSETCATALOG_COMPILER_GENERATE_SWIFT_ASSET_SYMBOL_EXTENSIONS = YES;
				CLANG_ANALYZER_NONNULL = YES;
				CLANG_ANALYZER_NUMBER_OBJECT_CONVERSION = YES_AGGRESSIVE;
				CLANG_CXX_LANGUAGE_STANDARD = "gnu++20";
				CLANG_ENABLE_MODULES = YES;
				CLANG_ENABLE_OBJC_ARC = YES;
				CLANG_ENABLE_OBJC_WEAK = YES;
				CLANG_WARN_BLOCK_CAPTURE_AUTORELEASING = YES;
				CLANG_WARN_BOOL_CONVERSION = YES;
				CLANG_WARN_COMMA = YES;
				CLANG_WARN_CONSTANT_CONVERSION = YES;
				CLANG_WARN_DEPRECATED_OBJC_IMPLEMENTATIONS = YES;
				CLANG_WARN_DIRECT_OBJC_ISA_USAGE = YES_ERROR;
				CLANG_WARN_DOCUMENTATION_COMMENTS = YES;
				CLANG_WARN_EMPTY_BODY = YES;
				CLANG_WARN_ENUM_CONVERSION = YES;
				CLANG_WARN_INFINITE_RECURSION = YES;
				CLANG_WARN_INT_CONVERSION = YES;
				CLANG_WARN_NON_LITERAL_NULL_CONVERSION = YES;
				CLANG_WARN_OBJC_IMPLICIT_RETAIN_SELF = YES;
				CLANG_WARN_OBJC_LITERAL_CONVERSION = YES;
				CLANG_WARN_OBJC_ROOT_CLASS = YES_ERROR;
				CLANG_WARN_QUOTED_INCLUDE_IN_FRAMEWORK_HEADER = YES;
				CLANG_WARN_RANGE_LOOP_ANALYSIS = YES;
				CLANG_WARN_STRICT_PROTOTYPES = YES;
				CLANG_WARN_SUSPICIOUS_MOVE = YES;
				CLANG_WARN_UNGUARDED_AVAILABILITY = YES_AGGRESSIVE;
				CLANG_WARN_UNREACHABLE_CODE = YES;
				CLANG_WARN__DUPLICATE_METHOD_MATCH = YES;
				COPY_PHASE_STRIP = NO;
				DEBUG_INFORMATION_FORMAT = "dwarf-with-dsym";
				ENABLE_NS_ASSERTIONS = NO;
				ENABLE_STRICT_OBJC_MSGSEND = YES;
				ENABLE_USER_SCRIPT_SANDBOXING = YES;
				GCC_C_LANGUAGE_STANDARD = gnu17;
				GCC_NO_COMMON_BLOCKS = YES;
				GCC_WARN_64_TO_32_BIT_CONVERSION = YES;
				GCC_WARN_ABOUT_RETURN_TYPE = YES_ERROR;
				GCC_WARN_UNDECLARED_SELECTOR = YES;
				GCC_WARN_UNINITIALIZED_AUTOS = YES_AGGRESSIVE;
				GCC_WARN_UNUSED_FUNCTION = YES;
				GCC_WARN_UNUSED_VARIABLE = YES;
				IPHONEOS_DEPLOYMENT_TARGET = 17.2;
				LOCALIZATION_PREFERS_STRING_CATALOGS = YES;
				MTL_ENABLE_DEBUG_INFO = NO;
				MTL_FAST_MATH = YES;
				SDKROOT = iphoneos;
				SWIFT_COMPILATION_MODE = wholemodule;
				VALIDATE_PRODUCT = YES;
			};
			name = Release;
		};
		D79F6D8A2B9FBB5C0028B1A2 /* Debug */ = {
			isa = XCBuildConfiguration;
			buildSettings = {
				ASSETCATALOG_COMPILER_APPICON_NAME = AppIcon;
				ASSETCATALOG_COMPILER_GLOBAL_ACCENT_COLOR_NAME = AccentColor;
				CODE_SIGN_STYLE = Automatic;
				CURRENT_PROJECT_VERSION = 1;
				DEVELOPMENT_ASSET_PATHS = "\"DesignCodeProject/Preview Content\"";
				DEVELOPMENT_TEAM = 6HNL37WZ78;
				ENABLE_PREVIEWS = YES;
				GENERATE_INFOPLIST_FILE = YES;
				INFOPLIST_KEY_UIApplicationSceneManifest_Generation = YES;
				INFOPLIST_KEY_UIApplicationSupportsIndirectInputEvents = YES;
				INFOPLIST_KEY_UILaunchScreen_Generation = YES;
				INFOPLIST_KEY_UISupportedInterfaceOrientations_iPad = "UIInterfaceOrientationPortrait UIInterfaceOrientationPortraitUpsideDown UIInterfaceOrientationLandscapeLeft UIInterfaceOrientationLandscapeRight";
				INFOPLIST_KEY_UISupportedInterfaceOrientations_iPhone = "UIInterfaceOrientationPortrait UIInterfaceOrientationLandscapeLeft UIInterfaceOrientationLandscapeRight";
				IPHONEOS_DEPLOYMENT_TARGET = 17.0;
				LD_RUNPATH_SEARCH_PATHS = (
					"$(inherited)",
					"@executable_path/Frameworks",
				);
				MARKETING_VERSION = 1.0;
				PRODUCT_BUNDLE_IDENTIFIER = kz.akan.DesignCodeProject;
				PRODUCT_NAME = "$(TARGET_NAME)";
				SWIFT_EMIT_LOC_STRINGS = YES;
				SWIFT_VERSION = 5.0;
				TARGETED_DEVICE_FAMILY = "1,2";
			};
			name = Debug;
		};
		D79F6D8B2B9FBB5C0028B1A2 /* Release */ = {
			isa = XCBuildConfiguration;
			buildSettings = {
				ASSETCATALOG_COMPILER_APPICON_NAME = AppIcon;
				ASSETCATALOG_COMPILER_GLOBAL_ACCENT_COLOR_NAME = AccentColor;
				CODE_SIGN_STYLE = Automatic;
				CURRENT_PROJECT_VERSION = 1;
				DEVELOPMENT_ASSET_PATHS = "\"DesignCodeProject/Preview Content\"";
				DEVELOPMENT_TEAM = 6HNL37WZ78;
				ENABLE_PREVIEWS = YES;
				GENERATE_INFOPLIST_FILE = YES;
				INFOPLIST_KEY_UIApplicationSceneManifest_Generation = YES;
				INFOPLIST_KEY_UIApplicationSupportsIndirectInputEvents = YES;
				INFOPLIST_KEY_UILaunchScreen_Generation = YES;
				INFOPLIST_KEY_UISupportedInterfaceOrientations_iPad = "UIInterfaceOrientationPortrait UIInterfaceOrientationPortraitUpsideDown UIInterfaceOrientationLandscapeLeft UIInterfaceOrientationLandscapeRight";
				INFOPLIST_KEY_UISupportedInterfaceOrientations_iPhone = "UIInterfaceOrientationPortrait UIInterfaceOrientationLandscapeLeft UIInterfaceOrientationLandscapeRight";
				IPHONEOS_DEPLOYMENT_TARGET = 17.0;
				LD_RUNPATH_SEARCH_PATHS = (
					"$(inherited)",
					"@executable_path/Frameworks",
				);
				MARKETING_VERSION = 1.0;
				PRODUCT_BUNDLE_IDENTIFIER = kz.akan.DesignCodeProject;
				PRODUCT_NAME = "$(TARGET_NAME)";
				SWIFT_EMIT_LOC_STRINGS = YES;
				SWIFT_VERSION = 5.0;
				TARGETED_DEVICE_FAMILY = "1,2";
			};
			name = Release;
		};
/* End XCBuildConfiguration section */

/* Begin XCConfigurationList section */
		D79F6D762B9FBB5C0028B1A2 /* Build configuration list for PBXProject "DesignCodeProject" */ = {
			isa = XCConfigurationList;
			buildConfigurations = (
				D79F6D872B9FBB5C0028B1A2 /* Debug */,
				D79F6D882B9FBB5C0028B1A2 /* Release */,
			);
			defaultConfigurationIsVisible = 0;
			defaultConfigurationName = Release;
		};
		D79F6D892B9FBB5C0028B1A2 /* Build configuration list for PBXNativeTarget "DesignCodeProject" */ = {
			isa = XCConfigurationList;
			buildConfigurations = (
				D79F6D8A2B9FBB5C0028B1A2 /* Debug */,
				D79F6D8B2B9FBB5C0028B1A2 /* Release */,
			);
			defaultConfigurationIsVisible = 0;
			defaultConfigurationName = Release;
		};
/* End XCConfigurationList section */
	};
	rootObject = D79F6D732B9FBB5C0028B1A2 /* Project object */;
}
